
Microsoft Visual Studio Solution File, Format Version 12.00
# Visual Studio Version 17
VisualStudioVersion = 17.9.34728.123
MinimumVisualStudioVersion = 10.0.40219.1
Project("{FAE04EC0-301F-11D3-BF4B-00C04F79EFBC}") = "BullTaxi", "BullTaxi\BullTaxi.csproj", "{72FF02C5-96CF-4591-A11E-7668FD4D69BC}"
EndProject
Global
	GlobalSection(SolutionConfigurationPlatforms) = preSolution
		Debug|Any CPU = Debug|Any CPU
		Release|Any CPU = Release|Any CPU
	EndGlobalSection
	GlobalSection(ProjectConfigurationPlatforms) = postSolution
		{72FF02C5-96CF-4591-A11E-7668FD4D69BC}.Debug|Any CPU.ActiveCfg = Debug|Any CPU
		{72FF02C5-96CF-4591-A11E-7668FD4D69BC}.Debug|Any CPU.Build.0 = Debug|Any CPU
		{72FF02C5-96CF-4591-A11E-7668FD4D69BC}.Release|Any CPU.ActiveCfg = Release|Any CPU
		{72FF02C5-96CF-4591-A11E-7668FD4D69BC}.Release|Any CPU.Build.0 = Release|Any CPU
	EndGlobalSection
	GlobalSection(SolutionProperties) = preSolution
		HideSolutionNode = FALSE
	EndGlobalSection
	GlobalSection(ExtensibilityGlobals) = postSolution
		SolutionGuid = {37A32DE7-BA3D-4114-B22F-82309C49C18F}
	EndGlobalSection
EndGlobal
